{
  "name": "@negtak/web-player-observer",
  "version": "0.0.9",
  "lockfileVersion": 2,
  "requires": true,
  "packages": {
    "": {
      "name": "@negtak/web-player-observer",
      "version": "0.0.9",
      "license": "Apache-2.0",
      "devDependencies": {
        "hls.js": ">1.0.0",
        "typescript": "5.1.3"
      },
      "engines": {
        "node": ">=14"
      },
      "peerDependencies": {
        "hls.js": ">1.0.0"
      }
    },
    "node_modules/hls.js": {
      "version": "1.4.4",
      "resolved": "https://registry.npmjs.org/hls.js/-/hls.js-1.4.4.tgz",
      "integrity": "sha512-Yix3i1klHtTWIj8Fa/yoN5mFreY3eLKGrmVldpkQ+2Bb1PmEok9Ah/VfAzlJnwtInCo4rs5l6/W2tUh76DaSNA==",
      "dev": true
    },
    "node_modules/typescript": {
      "version": "5.1.3",
      "resolved": "https://registry.npmjs.org/typescript/-/typescript-5.1.3.tgz",
      "integrity": "sha512-XH627E9vkeqhlZFQuL+UsyAXEnibT0kWR2FWONlr4sTjvxyJYnyefgrkyECLzM5NenmKzRAy2rR/OlYLA1HkZw==",
      "dev": true,
      "bin": {
        "tsc": "bin/tsc",
        "tsserver": "bin/tsserver"
      },
      "engines": {
        "node": ">=14.17"
      }
    }
  },
  "dependencies": {
    "hls.js": {
      "version": "1.4.4",
      "resolved": "https://registry.npmjs.org/hls.js/-/hls.js-1.4.4.tgz",
      "integrity": "sha512-Yix3i1klHtTWIj8Fa/yoN5mFreY3eLKGrmVldpkQ+2Bb1PmEok9Ah/VfAzlJnwtInCo4rs5l6/W2tUh76DaSNA==",
      "dev": true
    },
    "typescript": {
      "version": "5.1.3",
      "resolved": "https://registry.npmjs.org/typescript/-/typescript-5.1.3.tgz",
      "integrity": "sha512-XH627E9vkeqhlZFQuL+UsyAXEnibT0kWR2FWONlr4sTjvxyJYnyefgrkyECLzM5NenmKzRAy2rR/OlYLA1HkZw==",
      "dev": true
    }
  }
}
